
Microsoft Visual Studio Solution File, Format Version 12.00
# Visual Studio Version 17
VisualStudioVersion = 17.13.35919.96 d17.13
MinimumVisualStudioVersion = 10.0.40219.1
Project("{FAE04EC0-301F-11D3-BF4B-00C04F79EFBC}") = "ZooManager", "ZooManager\ZooManager.csproj", "{46F2483B-C006-4A34-9E6B-64A91FD4B71E}"
EndProject
Global
	GlobalSection(SolutionConfigurationPlatforms) = preSolution
		Debug|Any CPU = Debug|Any CPU
		Release|Any CPU = Release|Any CPU
	EndGlobalSection
	GlobalSection(ProjectConfigurationPlatforms) = postSolution
		{46F2483B-C006-4A34-9E6B-64A91FD4B71E}.Debug|Any CPU.ActiveCfg = Debug|Any CPU
		{46F2483B-C006-4A34-9E6B-64A91FD4B71E}.Debug|Any CPU.Build.0 = Debug|Any CPU
		{46F2483B-C006-4A34-9E6B-64A91FD4B71E}.Release|Any CPU.ActiveCfg = Release|Any CPU
		{46F2483B-C006-4A34-9E6B-64A91FD4B71E}.Release|Any CPU.Build.0 = Release|Any CPU
	EndGlobalSection
	GlobalSection(SolutionProperties) = preSolution
		HideSolutionNode = FALSE
	EndGlobalSection
	GlobalSection(ExtensibilityGlobals) = postSolution
		SolutionGuid = {46ADADC3-869A-47BF-9AE0-F6E89BEB9146}
	EndGlobalSection
EndGlobal
